{
    "version": 3,
    "terraform_version": "0.11.7",
    "serial": 73,
    "lineage": "f0a4c0d4-2635-d40f-78a2-d746b43ed0f1",
    "modules": [
        {
            "path": [
                "root"
            ],
            "outputs": {},
            "resources": {
                "google_compute_address.ci_address": {
                    "type": "google_compute_address",
                    "depends_on": [],
                    "primary": {
                        "id": "projects/development/regions/europe-west1/addresses/ci-address",
                        "attributes": {
                            "address": "35.187.176.110",
                            "address_type": "EXTERNAL",
                            "id": "projects/development/regions/europe-west1/addresses/ci-address",
                            "name": "ci-address",
                            "project": "development",
                            "region": "europe-west1",
                            "self_link": "https://www.googleapis.com/compute/v1/projects/rzd-development/regions/europe-west1/addresses/ci-address",
                            "subnetwork": ""
                        },
                        "meta": {
                            "schema_version": "1"
                        },
                        "tainted": false
                    },
                    "deposed": [],
                    "provider": "provider.google"
                },
                "google_compute_disk.charts-data": {
                    "type": "google_compute_disk",
                    "depends_on": [],
                    "primary": {
                        "id": "charts-data",
                        "attributes": {
                            "id": "charts-data",
                            "image": "",
                            "label_fingerprint": "42WmSpB8rSM=",
                            "labels.%": "0",
                            "name": "charts-data",
                            "project": "development",
                            "self_link": "https://www.googleapis.com/compute/v1/projects/rzd-development/zones/europe-west1-c/disks/charts-data",
                            "size": "2",
                            "snapshot": "",
                            "type": "pd-ssd",
                            "users.#": "1",
                            "users.0": "https://www.googleapis.com/compute/v1/projects/rzd-development/zones/europe-west1-c/instances/gke-ci-cluster-ci-agents-pool-51b4d764-s652",
                            "zone": "europe-west1-c"
                        },
                        "meta": {
                            "e2bfb730-ecaa-11e6-8f88-34363bc7c4c0": {
                                "create": 300000000000,
                                "delete": 300000000000,
                                "update": 300000000000
                            }
                        },
                        "tainted": false
                    },
                    "deposed": [],
                    "provider": "provider.google"
                },
                "google_compute_disk.ci-data": {
                    "type": "google_compute_disk",
                    "depends_on": [],
                    "primary": {
                        "id": "ci-data",
                        "attributes": {
                            "id": "ci-data",
                            "image": "",
                            "label_fingerprint": "42WmSpB8rSM=",
                            "labels.%": "0",
                            "name": "ci-data",
                            "project": "development",
                            "self_link": "https://www.googleapis.com/compute/v1/projects/rzd-development/zones/europe-west1-c/disks/ci-data",
                            "size": "10",
                            "snapshot": "",
                            "type": "pd-ssd",
                            "users.#": "1",
                            "users.0": "https://www.googleapis.com/compute/v1/projects/rzd-development/zones/europe-west1-c/instances/gke-ci-cluster-default-pool-02b020f7-2bc7",
                            "zone": "europe-west1-c"
                        },
                        "meta": {
                            "e2bfb730-ecaa-11e6-8f88-34363bc7c4c0": {
                                "create": 300000000000,
                                "delete": 300000000000,
                                "update": 300000000000
                            }
                        },
                        "tainted": false
                    },
                    "deposed": [],
                    "provider": "provider.google"
                },
                "google_container_cluster.ci_cluster": {
                    "type": "google_container_cluster",
                    "depends_on": [],
                    "primary": {
                        "id": "ci-cluster",
                        "attributes": {
                            "additional_zones.#": "0",
                            "addons_config.#": "1",
                            "addons_config.0.horizontal_pod_autoscaling.#": "0",
                            "addons_config.0.http_load_balancing.#": "0",
                            "addons_config.0.kubernetes_dashboard.#": "0",
                            "addons_config.0.network_policy_config.#": "1",
                            "addons_config.0.network_policy_config.0.disabled": "true",
                            "cluster_ipv4_cidr": "10.4.0.0/14",
                            "description": "",
                            "enable_kubernetes_alpha": "false",
                            "enable_legacy_abac": "false",
                            "endpoint": "35.195.172.196",
                            "id": "ci-cluster",
                            "initial_node_count": "1",
                            "instance_group_urls.#": "2",
                            "instance_group_urls.0": "https://www.googleapis.com/compute/v1/projects/rzd-development/zones/europe-west1-c/instanceGroups/gke-ci-cluster-default-pool-02b020f7-grp",
                            "instance_group_urls.1": "https://www.googleapis.com/compute/v1/projects/rzd-development/zones/europe-west1-c/instanceGroups/gke-ci-cluster-ci-agents-pool-51b4d764-grp",
                            "logging_service": "logging.googleapis.com",
                            "master_auth.#": "1",
                            "master_auth.0.client_certificate": "LS0tLS1CRUdJTiBDRVJUSUZJQ0FURS0tLS0tCk1JSUMyekNDQWNPZ0F3SUJBZ0lSQVBVZHV1elNxa3BzNmJWK012V3lWZVF3RFFZSktvWklodmNOQVFFTEJRQXcKTHpFdE1Dc0dBMVVFQXhNa09EVmhNVGt5T1RJdFpqWTNNQzAwWWpRd0xUa3hNbU10WXpnMU9UQXdOell5WXpBeQpNQjRYRFRFNE1EUXhOekExTlRJME9Wb1hEVEl6TURReE5qQTFOVEkwT1Zvd0VURVBNQTBHQTFVRUF4TUdZMnhwClpXNTBNSUlCSWpBTkJna3Foa2lHOXcwQkFRRUZBQU9DQVE4QU1JSUJDZ0tDQVFFQTRVY0FHeUlUYnJWU095WlEKVVJ5NS9MbWdEOEZGYW5FMGNSTTQrWFlqRDBLalBWS1BaMGcxV3ZaVm5BRGtUS2pxN1RMUS9lSDM0UUQvaVJrMwpDSDdSdG5wTU5pd254MDBOY2w4RjNhMkQ2UUVWKzlSUUdoUzVpMFl0SnpVdVFoQXBCUG5FcitiVk9GUXpwL1pGCnc0UEZBU3hvRDFaaVlXSUxHMnR4VHk0SEppcGl1OHdvV3ZCejY3a0VnaStNOVBqdm9NTlpMOFp6czRieVVrdUoKRXlJZG1veXlJcXd2a1lVZTkxbUh3djlHZnBWTlBQSDBzVUUzTlE2cnRsTjZhUVpCTVJQOTRDSVpRT3JzZk5qOQp2eTlwekFSZFNFZnNOTk5pdHE5TVZGUmkxRnhCRmNTZU1Dd3FVVlkzNkhPUTg1bE5UUGRBZlZ1djNyVFNRYmZ5CkpLK1RCUUlEQVFBQm94QXdEakFNQmdOVkhSTUJBZjhFQWpBQU1BMEdDU3FHU0liM0RRRUJDd1VBQTRJQkFRQkEKQkJIS0paajB2U1RhT0RRcE5oemJOWC9nM3FpVlJFRnJJNUlVVHZtc0lWUkRDWjlKcCtkNnFSNzNIMk8ycmV0OApsaDFHTCswaUgxd3JKTjNBQStXNHFzbEhaSERqWUppK1RDY0ZDRFRPRG42S3VCM1NEYXZNSWdVZ3RETlZxck1xCisxUDQ0U2lubWVKMThGTVRlVVFmYWtRZ212RlNBMEhTSzlWbWdpanNLbnpmdldJalA2RStVaG1CcmZjSmhZbGYKbFdQN3gvOE5CWnJucWRVa0U1clpSbVZNMjRDR1Ira1Qva1VRZzJKanM2QjRJc0VXWW0wWjYyS1RBV1ZpWmswMwpEMjRWSGZtS0JHTXBBbkFQbkdXcEZPTjNVZGVrMmpwdDBRclZpaGRUWGpzS0JjMCtiL2lFOTdyUVVDVktyQ2tCCmdxdk1WNUVvc0tEd09TVXRMem1QCi0tLS0tRU5EIENFUlRJRklDQVRFLS0tLS0K",
                            "master_auth.0.client_key": "LS0tLS1CRUdJTiBSU0EgUFJJVkFURSBLRVktLS0tLQpNSUlFb3dJQkFBS0NBUUVBNFVjQUd5SVRiclZTT3laUVVSeTUvTG1nRDhGRmFuRTBjUk00K1hZakQwS2pQVktQClowZzFXdlpWbkFEa1RLanE3VExRL2VIMzRRRC9pUmszQ0g3UnRucE1OaXdueDAwTmNsOEYzYTJENlFFVis5UlEKR2hTNWkwWXRKelV1UWhBcEJQbkVyK2JWT0ZRenAvWkZ3NFBGQVN4b0QxWmlZV0lMRzJ0eFR5NEhKaXBpdTh3bwpXdkJ6NjdrRWdpK005UGp2b01OWkw4WnpzNGJ5VWt1SkV5SWRtb3l5SXF3dmtZVWU5MW1Id3Y5R2ZwVk5QUEgwCnNVRTNOUTZydGxONmFRWkJNUlA5NENJWlFPcnNmTmo5dnk5cHpBUmRTRWZzTk5OaXRxOU1WRlJpMUZ4QkZjU2UKTUN3cVVWWTM2SE9RODVsTlRQZEFmVnV2M3JUU1FiZnlKSytUQlFJREFRQUJBb0lCQUFUQkoxeEFrckZyb1VIVQpxVmhLUE1DbWpaMXMxNmExOUpuakFuajlYYzI2SmREVnJSSWh5NEo3eXNzV2w3cm9kbXVDMURkYUxXTHh6dkxaClN6aU0yS2M3R3pXcUpwTEZ2N1ZuWjZ2SjR1RlMzN1c4d1k0SXNadk11TnpvSkpoS0FyRHpXK0VzaEM2Q3FjUEUKa1FJSWhoVmtGd2w2ZjJ3TkVpMUdJMmVTUEo0T1luZ0hXV0Y0NElGZllFdVpORHVvUWdzVmVhWnhSa1Y3OEFxRQp1YzFjV2kyMGVObmpBTzFPbGV2NDZLUy95T1FYTkNRRHBYRkUrTFZ1cUs4dUNQTHZjcm5UcmVpNjZObkJydVltCjlWZk9kRzU1aEJ4SmM5c2l2Q2JkTVFDa3RnQ2ZabzdxYjU5SlMyb3lWcTduYlRjTkNxdm5YaG1EL0lta2dmQjUKQUxTL2dKY0NnWUVBL1VYaU44U1RvVjRzcEZFaUwwQm5UYXk4NlltVWlUeC9VSFh1ZlJPaFQrWnNmNTZjdEJJOAoxZUZSbjU0ZkpsenpnTklJbDk2T0JTNlFheU8rbFU2SXNmcVR2VFZ0VWc3UmlQQVAwTzhYZk44d1JpR3N4eGlHCmU2eE9UUVNtRGdJTXZPOEp4RTlrQnVXMC9PSVA4djNia0VOcC9BakRLY1E4VlRFVytoOHlhRjhDZ1lFQTQ3UHoKUGRTb0o3eThSL05UeWxBU0dyKzBmbWpLMk5XUmU3WUlaNkQxaFlxcmxiOEpRVU1ZN0hqdFcxd0xHYlVZTFh2aQoxTDNGVG9QWmNnemhidjdXOUk1dXg4TlRLYml0dy9KY1lOVnZ3OG5EMlY2a3ZpaFFYYWorS0RiWEpWa0pyUDc0CkUxWDhPNU5JZVpHYzBQd3p6NDQvcjdPWnQ0N28rUU1nNDdWZkR4c0NnWUVBcTFBZXdNd0ZjNndJbENpUTc5Y24KU09IamNpL3VPWm1qSUNCMDdVTmU1SFdldy8vY1RPemRHMnBwMUlhVzJWTWNIZkZ6Z0k0NEVBYzhCa3hLT0NIRAowbWNFa1lIVzdSODYyZDVQUkdyRXYyRVQvUXdBR3pkYWw4S252KzY2QjFXWm1oNHh4QWhUUjFzT3ZkS0hLVHhPCnpGamRFbTQyM0VSdzdzcmltTktMUFE4Q2dZQmZ3R0ZPSStuZVkvQnM5VGJNQWFYTFY4Z256QnRZMlY1SFBvSUUKU2R4VkhyNE94M20xMXVoWk1IVG5rU29kMGxocmNBZ3YyK2xubmV4SG1JRUg4dVFqak8ycTFVbFladyt6TVd5RgpUOXVpNG1xWU1zTm1MMyswRXdkbGs4SWZNM1R0S1g3YWFyTVp2bEtneEluRUcvb1Jrc2pYTXRnMkowTnl5MHorClZGdTM5d0tCZ0JWSHhJMHd4akU3aXNXekJyanRVTkVTU2RvOVNQbHJDM0lUVzFBc0E0cW1VcEduUE5xRnl0UmwKYWx4bndwSFREYzdwanFVVGI1ZDFVTHl1R2JvNUlGaHlITTNBbEY3U2RtWkNkS0RXODZGTytQTkt4dlg3UXc5dgpXOG90cmJTUkhycGQ5SzlJNlN5bEVMb01PRVJSNmhkNVAvS0N2YkZzdlpQNHpaSm9ISE5DCi0tLS0tRU5EIFJTQSBQUklWQVRFIEtFWS0tLS0tCg==",
                            "master_auth.0.cluster_ca_certificate": "LS0tLS1CRUdJTiBDRVJUSUZJQ0FURS0tLS0tCk1JSURERENDQWZTZ0F3SUJBZ0lSQU1GWkk4eHFoeGRsL0FialI0ZnJXV293RFFZSktvWklodmNOQVFFTEJRQXcKTHpFdE1Dc0dBMVVFQXhNa09EVmhNVGt5T1RJdFpqWTNNQzAwWWpRd0xUa3hNbU10WXpnMU9UQXdOell5WXpBeQpNQjRYRFRFNE1EUXhOekEwTlRJME4xb1hEVEl6TURReE5qQTFOVEkwTjFvd0x6RXRNQ3NHQTFVRUF4TWtPRFZoCk1Ua3lPVEl0WmpZM01DMDBZalF3TFRreE1tTXRZemcxT1RBd056WXlZekF5TUlJQklqQU5CZ2txaGtpRzl3MEIKQVFFRkFBT0NBUThBTUlJQkNnS0NBUUVBcFpsVmxkUlZUNG9nSUdvd0JrMkp3cjNZd05WY1VWd05VU3AzL2RNWAppK1k1RFpyZWZ4Tnh0TXJjNTJHdEk5b09yaWhhSTRYcWRpZlAyWklkY1A3VWdZQytLWXpFcUhFejRQZW1mZnBpCkIyZVp1a0xEOEpybEZ5WEhJV2ttYlY0UEFZTFVWdThBaWYrL2xhK2FicHZBbFJxclArL0NLRzF4dHFTYlB6aGcKMFJCOXRWaVYvM3hYYVBVZ2tNVjcrem1ka0d5dnRBaVBCaHhrQVpzbW1hYy95YmtGQ3B6Z2JPYkRuZFh4SkFNdwpBdlhET0I2c3dZRVBZeWwrOUpJWDNrZDk2YWdLRXB6SGZ6RnpLNVRjRUdpTWZwaUllUkljMEtkM2NsWVZwQmhnCi9WZTgxNGtYVVNUQkF3YzAxamJCSkNpZ2dreStZOUo3L3JVUFpOcy9JTTVHdVFJREFRQUJveU13SVRBT0JnTlYKSFE4QkFmOEVCQU1DQWdRd0R3WURWUjBUQVFIL0JBVXdBd0VCL3pBTkJna3Foa2lHOXcwQkFRc0ZBQU9DQVFFQQpNdUF2cGwzL3hLcW5DaG9mcmdlU05DbXlKdzJUTW5yVlpoOERqTEFaMUx3KzQvd0NMdklhQlpNdkRnRVJjRHVTCmprdU04UVA2a1VjNisveDN2ZksxUXNwQWRrTTV3K204clh5ZDgxSmQ4aVJRN0kyQ2NFSnVNcXVwV0xTaDVQdSsKdmlxTEtSMHhZd1NianlneTJZOXllRDQxVEgyK0VGQm8ya2dRUVNOOEUyOWsrOGtoVkVDK2s1ZWVYcVF4WVRFVwordUNSdERPTVhITTliOWJwY05ZeGFhSEVOY2hEV09DZlo4cWdxZEFHZEI2VEp1a0YwT3BKeXV5MzFtRWZqK3lhClY1NnNCcDNzM0xMaFRidHozVDZWeDk4dzVqSnNHbmFDNXdldUs3UDFjV2EvOEFwQ0szUHB2OWo1ODVaSEsrVVkKWlFucFNyU1ZVWTdjSkVJZGhDSENBZz09Ci0tLS0tRU5EIENFUlRJRklDQVRFLS0tLS0K",
                            "master_auth.0.password": "X5ouZQNhs5LVqPdS",
                            "master_auth.0.username": "admin",
                            "master_ipv4_cidr_block": "",
                            "master_version": "1.9.6-gke.2",
                            "min_master_version": "1.9.6-gke.0",
                            "monitoring_service": "monitoring.googleapis.com",
                            "name": "ci-cluster",
                            "network": "default",
                            "network_policy.#": "0",
                            "node_config.#": "1",
                            "node_config.0.disk_size_gb": "100",
                            "node_config.0.guest_accelerator.#": "0",
                            "node_config.0.image_type": "COS",
                            "node_config.0.labels.%": "0",
                            "node_config.0.local_ssd_count": "1",
                            "node_config.0.machine_type": "n1-standard-2",
                            "node_config.0.metadata.%": "0",
                            "node_config.0.min_cpu_platform": "",
                            "node_config.0.oauth_scopes.#": "4",
                            "node_config.0.oauth_scopes.1277378754": "https://www.googleapis.com/auth/monitoring",
                            "node_config.0.oauth_scopes.172152165": "https://www.googleapis.com/auth/logging.write",
                            "node_config.0.oauth_scopes.1733087937": "https://www.googleapis.com/auth/cloud-platform",
                            "node_config.0.oauth_scopes.299962681": "https://www.googleapis.com/auth/compute",
                            "node_config.0.preemptible": "false",
                            "node_config.0.service_account": "default",
                            "node_config.0.tags.#": "0",
                            "node_config.0.taint.#": "0",
                            "node_config.0.workload_metadata_config.#": "0",
                            "node_pool.#": "2",
                            "node_pool.0.autoscaling.#": "0",
                            "node_pool.0.initial_node_count": "1",
                            "node_pool.0.instance_group_urls.#": "1",
                            "node_pool.0.instance_group_urls.0": "https://www.googleapis.com/compute/v1/projects/rzd-development/zones/europe-west1-c/instanceGroupManagers/gke-ci-cluster-default-pool-02b020f7-grp",
                            "node_pool.0.management.#": "1",
                            "node_pool.0.management.0.auto_repair": "false",
                            "node_pool.0.management.0.auto_upgrade": "false",
                            "node_pool.0.name": "default-pool",
                            "node_pool.0.name_prefix": "",
                            "node_pool.0.node_config.#": "1",
                            "node_pool.0.node_config.0.disk_size_gb": "100",
                            "node_pool.0.node_config.0.guest_accelerator.#": "0",
                            "node_pool.0.node_config.0.image_type": "COS",
                            "node_pool.0.node_config.0.labels.%": "0",
                            "node_pool.0.node_config.0.local_ssd_count": "1",
                            "node_pool.0.node_config.0.machine_type": "n1-standard-2",
                            "node_pool.0.node_config.0.metadata.%": "0",
                            "node_pool.0.node_config.0.min_cpu_platform": "",
                            "node_pool.0.node_config.0.oauth_scopes.#": "4",
                            "node_pool.0.node_config.0.oauth_scopes.1277378754": "https://www.googleapis.com/auth/monitoring",
                            "node_pool.0.node_config.0.oauth_scopes.172152165": "https://www.googleapis.com/auth/logging.write",
                            "node_pool.0.node_config.0.oauth_scopes.1733087937": "https://www.googleapis.com/auth/cloud-platform",
                            "node_pool.0.node_config.0.oauth_scopes.299962681": "https://www.googleapis.com/auth/compute",
                            "node_pool.0.node_config.0.preemptible": "false",
                            "node_pool.0.node_config.0.service_account": "default",
                            "node_pool.0.node_config.0.tags.#": "0",
                            "node_pool.0.node_config.0.taint.#": "0",
                            "node_pool.0.node_config.0.workload_metadata_config.#": "0",
                            "node_pool.0.node_count": "1",
                            "node_pool.0.version": "1.9.6-gke.0",
                            "node_pool.1.autoscaling.#": "0",
                            "node_pool.1.initial_node_count": "0",
                            "node_pool.1.instance_group_urls.#": "1",
                            "node_pool.1.instance_group_urls.0": "https://www.googleapis.com/compute/v1/projects/rzd-development/zones/europe-west1-c/instanceGroupManagers/gke-ci-cluster-ci-agents-pool-51b4d764-grp",
                            "node_pool.1.management.#": "1",
                            "node_pool.1.management.0.auto_repair": "false",
                            "node_pool.1.management.0.auto_upgrade": "false",
                            "node_pool.1.name": "ci-agents-pool",
                            "node_pool.1.name_prefix": "",
                            "node_pool.1.node_config.#": "1",
                            "node_pool.1.node_config.0.disk_size_gb": "100",
                            "node_pool.1.node_config.0.guest_accelerator.#": "0",
                            "node_pool.1.node_config.0.image_type": "UBUNTU",
                            "node_pool.1.node_config.0.labels.%": "0",
                            "node_pool.1.node_config.0.local_ssd_count": "1",
                            "node_pool.1.node_config.0.machine_type": "n1-standard-2",
                            "node_pool.1.node_config.0.metadata.%": "0",
                            "node_pool.1.node_config.0.min_cpu_platform": "",
                            "node_pool.1.node_config.0.oauth_scopes.#": "4",
                            "node_pool.1.node_config.0.oauth_scopes.1277378754": "https://www.googleapis.com/auth/monitoring",
                            "node_pool.1.node_config.0.oauth_scopes.172152165": "https://www.googleapis.com/auth/logging.write",
                            "node_pool.1.node_config.0.oauth_scopes.1733087937": "https://www.googleapis.com/auth/cloud-platform",
                            "node_pool.1.node_config.0.oauth_scopes.299962681": "https://www.googleapis.com/auth/compute",
                            "node_pool.1.node_config.0.preemptible": "false",
                            "node_pool.1.node_config.0.service_account": "default",
                            "node_pool.1.node_config.0.tags.#": "0",
                            "node_pool.1.node_config.0.taint.#": "0",
                            "node_pool.1.node_config.0.workload_metadata_config.#": "0",
                            "node_pool.1.node_count": "2",
                            "node_pool.1.version": "1.9.6-gke.0",
                            "node_version": "1.9.6-gke.0",
                            "private_cluster": "false",
                            "project": "rzd-development",
                            "subnetwork": "default",
                            "zone": "europe-west1-c"
                        },
                        "meta": {
                            "e2bfb730-ecaa-11e6-8f88-34363bc7c4c0": {
                                "create": 1800000000000,
                                "delete": 600000000000,
                                "update": 600000000000
                            },
                            "schema_version": "1"
                        },
                        "tainted": false
                    },
                    "deposed": [],
                    "provider": "provider.google"
                },
                "google_container_node_pool.ci-agents-pool": {
                    "type": "google_container_node_pool",
                    "depends_on": [
                        "google_container_cluster.ci_cluster"
                    ],
                    "primary": {
                        "id": "europe-west1-c/ci-cluster/ci-agents-pool",
                        "attributes": {
                            "autoscaling.#": "0",
                            "cluster": "ci-cluster",
                            "id": "europe-west1-c/ci-cluster/ci-agents-pool",
                            "initial_node_count": "0",
                            "instance_group_urls.#": "1",
                            "instance_group_urls.0": "https://www.googleapis.com/compute/v1/projects/rzd-development/zones/europe-west1-c/instanceGroupManagers/gke-ci-cluster-ci-agents-pool-51b4d764-grp",
                            "management.#": "1",
                            "management.0.auto_repair": "false",
                            "management.0.auto_upgrade": "false",
                            "name": "ci-agents-pool",
                            "name_prefix": "",
                            "node_config.#": "1",
                            "node_config.0.disk_size_gb": "100",
                            "node_config.0.guest_accelerator.#": "0",
                            "node_config.0.image_type": "UBUNTU",
                            "node_config.0.labels.%": "0",
                            "node_config.0.local_ssd_count": "1",
                            "node_config.0.machine_type": "n1-standard-2",
                            "node_config.0.metadata.%": "0",
                            "node_config.0.min_cpu_platform": "",
                            "node_config.0.oauth_scopes.#": "4",
                            "node_config.0.oauth_scopes.1277378754": "https://www.googleapis.com/auth/monitoring",
                            "node_config.0.oauth_scopes.172152165": "https://www.googleapis.com/auth/logging.write",
                            "node_config.0.oauth_scopes.1733087937": "https://www.googleapis.com/auth/cloud-platform",
                            "node_config.0.oauth_scopes.299962681": "https://www.googleapis.com/auth/compute",
                            "node_config.0.preemptible": "false",
                            "node_config.0.service_account": "default",
                            "node_config.0.tags.#": "0",
                            "node_config.0.taint.#": "0",
                            "node_config.0.workload_metadata_config.#": "0",
                            "node_count": "2",
                            "project": "rzd-development",
                            "version": "1.9.6-gke.0",
                            "zone": "europe-west1-c"
                        },
                        "meta": {
                            "e2bfb730-ecaa-11e6-8f88-34363bc7c4c0": {
                                "create": 1800000000000,
                                "delete": 600000000000,
                                "update": 600000000000
                            },
                            "schema_version": "1"
                        },
                        "tainted": false
                    },
                    "deposed": [],
                    "provider": "provider.google"
                }
            },
            "depends_on": []
        }
    ]
}
